<?xml version="1.0" encoding="utf-8"?>
<Project ToolsVersion="16.0" xmlns="http://schemas.microsoft.com/developer/msbuild/2003">
  <ItemGroup>
    <ClCompile Include="F:\Developer Crib\GameEngineWorkspace\Cuboid\luac\src\lapi.c">
      <Filter>Source Files</Filter>
    </ClCompile>
    <ClCompile Include="F:\Developer Crib\GameEngineWorkspace\Cuboid\luac\src\lauxlib.c">
      <Filter>Source Files</Filter>
    </ClCompile>
    <ClCompile Include="F:\Developer Crib\GameEngineWorkspace\Cuboid\luac\src\lbaselib.c">
      <Filter>Source Files</Filter>
    </ClCompile>
    <ClCompile Include="F:\Developer Crib\GameEngineWorkspace\Cuboid\luac\src\lbitlib.c">
      <Filter>Source Files</Filter>
    </ClCompile>
    <ClCompile Include="F:\Developer Crib\GameEngineWorkspace\Cuboid\luac\src\lcode.c">
      <Filter>Source Files</Filter>
    </ClCompile>
    <ClCompile Include="F:\Developer Crib\GameEngineWorkspace\Cuboid\luac\src\lcorolib.c">
      <Filter>Source Files</Filter>
    </ClCompile>
    <ClCompile Include="F:\Developer Crib\GameEngineWorkspace\Cuboid\luac\src\lctype.c">
      <Filter>Source Files</Filter>
    </ClCompile>
    <ClCompile Include="F:\Developer Crib\GameEngineWorkspace\Cuboid\luac\src\ldblib.c">
      <Filter>Source Files</Filter>
    </ClCompile>
    <ClCompile Include="F:\Developer Crib\GameEngineWorkspace\Cuboid\luac\src\ldebug.c">
      <Filter>Source Files</Filter>
    </ClCompile>
    <ClCompile Include="F:\Developer Crib\GameEngineWorkspace\Cuboid\luac\src\ldo.c">
      <Filter>Source Files</Filter>
    </ClCompile>
    <ClCompile Include="F:\Developer Crib\GameEngineWorkspace\Cuboid\luac\src\ldump.c">
      <Filter>Source Files</Filter>
    </ClCompile>
    <ClCompile Include="F:\Developer Crib\GameEngineWorkspace\Cuboid\luac\src\lfunc.c">
      <Filter>Source Files</Filter>
    </ClCompile>
    <ClCompile Include="F:\Developer Crib\GameEngineWorkspace\Cuboid\luac\src\lgc.c">
      <Filter>Source Files</Filter>
    </ClCompile>
    <ClCompile Include="F:\Developer Crib\GameEngineWorkspace\Cuboid\luac\src\linit.c">
      <Filter>Source Files</Filter>
    </ClCompile>
    <ClCompile Include="F:\Developer Crib\GameEngineWorkspace\Cuboid\luac\src\liolib.c">
      <Filter>Source Files</Filter>
    </ClCompile>
    <ClCompile Include="F:\Developer Crib\GameEngineWorkspace\Cuboid\luac\src\llex.c">
      <Filter>Source Files</Filter>
    </ClCompile>
    <ClCompile Include="F:\Developer Crib\GameEngineWorkspace\Cuboid\luac\src\lmathlib.c">
      <Filter>Source Files</Filter>
    </ClCompile>
    <ClCompile Include="F:\Developer Crib\GameEngineWorkspace\Cuboid\luac\src\lmem.c">
      <Filter>Source Files</Filter>
    </ClCompile>
    <ClCompile Include="F:\Developer Crib\GameEngineWorkspace\Cuboid\luac\src\loadlib.c">
      <Filter>Source Files</Filter>
    </ClCompile>
    <ClCompile Include="F:\Developer Crib\GameEngineWorkspace\Cuboid\luac\src\lobject.c">
      <Filter>Source Files</Filter>
    </ClCompile>
    <ClCompile Include="F:\Developer Crib\GameEngineWorkspace\Cuboid\luac\src\lopcodes.c">
      <Filter>Source Files</Filter>
    </ClCompile>
    <ClCompile Include="F:\Developer Crib\GameEngineWorkspace\Cuboid\luac\src\loslib.c">
      <Filter>Source Files</Filter>
    </ClCompile>
    <ClCompile Include="F:\Developer Crib\GameEngineWorkspace\Cuboid\luac\src\lparser.c">
      <Filter>Source Files</Filter>
    </ClCompile>
    <ClCompile Include="F:\Developer Crib\GameEngineWorkspace\Cuboid\luac\src\lstate.c">
      <Filter>Source Files</Filter>
    </ClCompile>
    <ClCompile Include="F:\Developer Crib\GameEngineWorkspace\Cuboid\luac\src\lstring.c">
      <Filter>Source Files</Filter>
    </ClCompile>
    <ClCompile Include="F:\Developer Crib\GameEngineWorkspace\Cuboid\luac\src\lstrlib.c">
      <Filter>Source Files</Filter>
    </ClCompile>
    <ClCompile Include="F:\Developer Crib\GameEngineWorkspace\Cuboid\luac\src\ltable.c">
      <Filter>Source Files</Filter>
    </ClCompile>
    <ClCompile Include="F:\Developer Crib\GameEngineWorkspace\Cuboid\luac\src\ltablib.c">
      <Filter>Source Files</Filter>
    </ClCompile>
    <ClCompile Include="F:\Developer Crib\GameEngineWorkspace\Cuboid\luac\src\ltm.c">
      <Filter>Source Files</Filter>
    </ClCompile>
    <ClCompile Include="F:\Developer Crib\GameEngineWorkspace\Cuboid\luac\src\luac.c">
      <Filter>Source Files</Filter>
    </ClCompile>
    <ClCompile Include="F:\Developer Crib\GameEngineWorkspace\Cuboid\luac\src\lundump.c">
      <Filter>Source Files</Filter>
    </ClCompile>
    <ClCompile Include="F:\Developer Crib\GameEngineWorkspace\Cuboid\luac\src\lutf8lib.c">
      <Filter>Source Files</Filter>
    </ClCompile>
    <ClCompile Include="F:\Developer Crib\GameEngineWorkspace\Cuboid\luac\src\lvm.c">
      <Filter>Source Files</Filter>
    </ClCompile>
    <ClCompile Include="F:\Developer Crib\GameEngineWorkspace\Cuboid\luac\src\lzio.c">
      <Filter>Source Files</Filter>
    </ClCompile>
  </ItemGroup>
  <ItemGroup>
    <ClInclude Include="F:\Developer Crib\GameEngineWorkspace\Cuboid\luac\src\lapi.h">
      <Filter>Header Files</Filter>
    </ClInclude>
    <ClInclude Include="F:\Developer Crib\GameEngineWorkspace\Cuboid\luac\src\lauxlib.h">
      <Filter>Header Files</Filter>
    </ClInclude>
    <ClInclude Include="F:\Developer Crib\GameEngineWorkspace\Cuboid\luac\src\lcode.h">
      <Filter>Header Files</Filter>
    </ClInclude>
    <ClInclude Include="F:\Developer Crib\GameEngineWorkspace\Cuboid\luac\src\ldebug.h">
      <Filter>Header Files</Filter>
    </ClInclude>
    <ClInclude Include="F:\Developer Crib\GameEngineWorkspace\Cuboid\luac\src\ldo.h">
      <Filter>Header Files</Filter>
    </ClInclude>
    <ClInclude Include="F:\Developer Crib\GameEngineWorkspace\Cuboid\luac\src\lfunc.h">
      <Filter>Header Files</Filter>
    </ClInclude>
    <ClInclude Include="F:\Developer Crib\GameEngineWorkspace\Cuboid\luac\src\lgc.h">
      <Filter>Header Files</Filter>
    </ClInclude>
    <ClInclude Include="F:\Developer Crib\GameEngineWorkspace\Cuboid\luac\src\llex.h">
      <Filter>Header Files</Filter>
    </ClInclude>
    <ClInclude Include="F:\Developer Crib\GameEngineWorkspace\Cuboid\luac\src\llimits.h">
      <Filter>Header Files</Filter>
    </ClInclude>
    <ClInclude Include="F:\Developer Crib\GameEngineWorkspace\Cuboid\luac\src\lmem.h">
      <Filter>Header Files</Filter>
    </ClInclude>
    <ClInclude Include="F:\Developer Crib\GameEngineWorkspace\Cuboid\luac\src\lobject.h">
      <Filter>Header Files</Filter>
    </ClInclude>
    <ClInclude Include="F:\Developer Crib\GameEngineWorkspace\Cuboid\luac\src\lopcodes.h">
      <Filter>Header Files</Filter>
    </ClInclude>
    <ClInclude Include="F:\Developer Crib\GameEngineWorkspace\Cuboid\luac\src\lprefix.h">
      <Filter>Header Files</Filter>
    </ClInclude>
    <ClInclude Include="F:\Developer Crib\GameEngineWorkspace\Cuboid\luac\src\lstate.h">
      <Filter>Header Files</Filter>
    </ClInclude>
    <ClInclude Include="F:\Developer Crib\GameEngineWorkspace\Cuboid\luac\src\lstring.h">
      <Filter>Header Files</Filter>
    </ClInclude>
    <ClInclude Include="F:\Developer Crib\GameEngineWorkspace\Cuboid\luac\src\ltable.h">
      <Filter>Header Files</Filter>
    </ClInclude>
    <ClInclude Include="F:\Developer Crib\GameEngineWorkspace\Cuboid\luac\src\ltm.h">
      <Filter>Header Files</Filter>
    </ClInclude>
    <ClInclude Include="F:\Developer Crib\GameEngineWorkspace\Cuboid\luac\src\luaconf.h">
      <Filter>Header Files</Filter>
    </ClInclude>
    <ClInclude Include="F:\Developer Crib\GameEngineWorkspace\Cuboid\luac\src\lualib.h">
      <Filter>Header Files</Filter>
    </ClInclude>
    <ClInclude Include="F:\Developer Crib\GameEngineWorkspace\Cuboid\luac\src\lundump.h">
      <Filter>Header Files</Filter>
    </ClInclude>
    <ClInclude Include="F:\Developer Crib\GameEngineWorkspace\Cuboid\luac\src\lvm.h">
      <Filter>Header Files</Filter>
    </ClInclude>
    <ClInclude Include="F:\Developer Crib\GameEngineWorkspace\Cuboid\luac\src\lzio.h">
      <Filter>Header Files</Filter>
    </ClInclude>
  </ItemGroup>
  <ItemGroup>
    <CustomBuild Include="F:\Developer Crib\GameEngineWorkspace\Cuboid\luac\CMakeLists.txt" />
  </ItemGroup>
  <ItemGroup>
    <Filter Include="Header Files">
      <UniqueIdentifier>{72744B43-C28B-3A0F-890A-BCEBB460D345}</UniqueIdentifier>
    </Filter>
    <Filter Include="Source Files">
      <UniqueIdentifier>{08F4B342-2FB2-3428-9F47-017DE56C0694}</UniqueIdentifier>
    </Filter>
  </ItemGroup>
</Project>
