<?xml version="1.0" encoding="utf-8"?>
<Project ToolsVersion="16.0" xmlns="http://schemas.microsoft.com/developer/msbuild/2003">
  <ItemGroup>
    <ClCompile Include="F:\Developer Crib\GameEngineWorkspace\Cuboid\glad\src\glad.c">
      <Filter>Source Files</Filter>
    </ClCompile>
  </ItemGroup>
  <ItemGroup>
    <ClInclude Include="F:\Developer Crib\GameEngineWorkspace\Cuboid\glad\include\glad\glad.h">
      <Filter>Header Files</Filter>
    </ClInclude>
  </ItemGroup>
  <ItemGroup>
    <CustomBuild Include="F:\Developer Crib\GameEngineWorkspace\Cuboid\glad\CMakeLists.txt" />
  </ItemGroup>
  <ItemGroup>
    <Filter Include="Header Files">
      <UniqueIdentifier>{72744B43-C28B-3A0F-890A-BCEBB460D345}</UniqueIdentifier>
    </Filter>
    <Filter Include="Source Files">
      <UniqueIdentifier>{08F4B342-2FB2-3428-9F47-017DE56C0694}</UniqueIdentifier>
    </Filter>
  </ItemGroup>
</Project>
