<?xml version="1.0" encoding="utf-8"?>
<Project ToolsVersion="16.0" xmlns="http://schemas.microsoft.com/developer/msbuild/2003">
  <ItemGroup>
    <ClCompile Include="F:\Developer Crib\GameEngineWorkspace\Cuboid\Sandbox\CMakeFiles\Sandbox.dir\cmake_pch.cxx">
      <Filter>Source Files</Filter>
    </ClCompile>
    <ClCompile Include="F:\Developer Crib\GameEngineWorkspace\Cuboid\Sandbox\src\App.cpp">
      <Filter>src\src</Filter>
    </ClCompile>
    <ClCompile Include="F:\Developer Crib\GameEngineWorkspace\Cuboid\Sandbox\src\SandBox2D.cpp">
      <Filter>src\src</Filter>
    </ClCompile>
  </ItemGroup>
  <ItemGroup>
    <ClInclude Include="F:\Developer Crib\GameEngineWorkspace\Cuboid\Sandbox\src\SandBox2D.h">
      <Filter>src\src</Filter>
    </ClInclude>
    <ClInclude Include="F:\Developer Crib\GameEngineWorkspace\Cuboid\Sandbox\CMakeFiles\Sandbox.dir\cmake_pch.hxx">
      <Filter>Precompile Header File</Filter>
    </ClInclude>
  </ItemGroup>
  <ItemGroup>
    <CustomBuild Include="F:\Developer Crib\GameEngineWorkspace\Cuboid\Sandbox\CMakelists.txt" />
  </ItemGroup>
  <ItemGroup>
    <None Include="F:\Developer Crib\GameEngineWorkspace\Cuboid\Sandbox\res\images\logo.ico">
      <Filter>res\res\images</Filter>
    </None>
  </ItemGroup>
  <ItemGroup>
    <Filter Include="Precompile Header File">
      <UniqueIdentifier>{BE627E74-04A3-3287-91D5-992E56726B50}</UniqueIdentifier>
    </Filter>
    <Filter Include="Source Files">
      <UniqueIdentifier>{08F4B342-2FB2-3428-9F47-017DE56C0694}</UniqueIdentifier>
    </Filter>
    <Filter Include="res">
      <UniqueIdentifier>{0E6609D2-2A0C-3453-8F0D-BF31C698DCAA}</UniqueIdentifier>
    </Filter>
    <Filter Include="res\res">
      <UniqueIdentifier>{C3DE017B-E52A-3443-A1E7-0DB63347801C}</UniqueIdentifier>
    </Filter>
    <Filter Include="res\res\images">
      <UniqueIdentifier>{26E22626-0C36-311E-9D15-BF4C16273F8E}</UniqueIdentifier>
    </Filter>
    <Filter Include="src">
      <UniqueIdentifier>{2706B6AB-7F22-3CF2-AB4F-B50FC55DE4B1}</UniqueIdentifier>
    </Filter>
    <Filter Include="src\src">
      <UniqueIdentifier>{29DA3D33-CC6A-3462-959A-FF243AB5F5CB}</UniqueIdentifier>
    </Filter>
  </ItemGroup>
</Project>
