Microsoft Visual Studio Solution File, Format Version 12.00
# Visual Studio 16
Project("{8BC9CEB8-8B4A-11D0-8D11-00A0C91BC942}") = "ALL_BUILD", "ALL_BUILD.vcxproj", "{3ACA32FF-75DC-36E4-9B98-AA6CB12509A2}"
	ProjectSection(ProjectDependencies) = postProject
		{9D751A8E-8B0D-30E8-AE1E-F743E762E6A5} = {9D751A8E-8B0D-30E8-AE1E-F743E762E6A5}
		{EA56BF1B-743E-3032-B73C-47DA554ED6A9} = {EA56BF1B-743E-3032-B73C-47DA554ED6A9}
		{CE0A2F85-E116-30D4-954D-38D8C0A0735E} = {CE0A2F85-E116-30D4-954D-38D8C0A0735E}
		{5DEC39BE-BAA5-3E45-AF23-9BC23DE6CB36} = {5DEC39BE-BAA5-3E45-AF23-9BC23DE6CB36}
		{B4D31718-BA3D-39D3-954B-241D732F3964} = {B4D31718-BA3D-39D3-954B-241D732F3964}
		{FB852263-218D-3966-A7C9-60944B67E85F} = {FB852263-218D-3966-A7C9-60944B67E85F}
		{FC5678D1-2CE0-35C9-AF5A-3C66A4E8ECE9} = {FC5678D1-2CE0-35C9-AF5A-3C66A4E8ECE9}
		{17736992-6E3F-3D50-AC92-671B16D2DE3E} = {17736992-6E3F-3D50-AC92-671B16D2DE3E}
		{06996E2A-277F-3ADD-A286-FAD5ADBBD3E0} = {06996E2A-277F-3ADD-A286-FAD5ADBBD3E0}
	EndProjectSection
EndProject
Project("{8BC9CEB8-8B4A-11D0-8D11-00A0C91BC942}") = "D3G-Editor", "D3G-Editor\D3G-Editor.vcxproj", "{9D751A8E-8B0D-30E8-AE1E-F743E762E6A5}"
	ProjectSection(ProjectDependencies) = postProject
		{EA56BF1B-743E-3032-B73C-47DA554ED6A9} = {EA56BF1B-743E-3032-B73C-47DA554ED6A9}
		{5DEC39BE-BAA5-3E45-AF23-9BC23DE6CB36} = {5DEC39BE-BAA5-3E45-AF23-9BC23DE6CB36}
		{B4D31718-BA3D-39D3-954B-241D732F3964} = {B4D31718-BA3D-39D3-954B-241D732F3964}
		{FB852263-218D-3966-A7C9-60944B67E85F} = {FB852263-218D-3966-A7C9-60944B67E85F}
		{17736992-6E3F-3D50-AC92-671B16D2DE3E} = {17736992-6E3F-3D50-AC92-671B16D2DE3E}
	EndProjectSection
EndProject
Project("{8BC9CEB8-8B4A-11D0-8D11-00A0C91BC942}") = "ENGINE", "ENGINE\ENGINE.vcxproj", "{EA56BF1B-743E-3032-B73C-47DA554ED6A9}"
	ProjectSection(ProjectDependencies) = postProject
		{5DEC39BE-BAA5-3E45-AF23-9BC23DE6CB36} = {5DEC39BE-BAA5-3E45-AF23-9BC23DE6CB36}
		{B4D31718-BA3D-39D3-954B-241D732F3964} = {B4D31718-BA3D-39D3-954B-241D732F3964}
		{FB852263-218D-3966-A7C9-60944B67E85F} = {FB852263-218D-3966-A7C9-60944B67E85F}
		{17736992-6E3F-3D50-AC92-671B16D2DE3E} = {17736992-6E3F-3D50-AC92-671B16D2DE3E}
	EndProjectSection
EndProject
Project("{8BC9CEB8-8B4A-11D0-8D11-00A0C91BC942}") = "Sandbox", "Sandbox\Sandbox.vcxproj", "{CE0A2F85-E116-30D4-954D-38D8C0A0735E}"
	ProjectSection(ProjectDependencies) = postProject
		{EA56BF1B-743E-3032-B73C-47DA554ED6A9} = {EA56BF1B-743E-3032-B73C-47DA554ED6A9}
		{5DEC39BE-BAA5-3E45-AF23-9BC23DE6CB36} = {5DEC39BE-BAA5-3E45-AF23-9BC23DE6CB36}
		{B4D31718-BA3D-39D3-954B-241D732F3964} = {B4D31718-BA3D-39D3-954B-241D732F3964}
		{FB852263-218D-3966-A7C9-60944B67E85F} = {FB852263-218D-3966-A7C9-60944B67E85F}
		{17736992-6E3F-3D50-AC92-671B16D2DE3E} = {17736992-6E3F-3D50-AC92-671B16D2DE3E}
	EndProjectSection
EndProject
Project("{8BC9CEB8-8B4A-11D0-8D11-00A0C91BC942}") = "ZERO_CHECK", "ZERO_CHECK.vcxproj", "{5DEC39BE-BAA5-3E45-AF23-9BC23DE6CB36}"
	ProjectSection(ProjectDependencies) = postProject
	EndProjectSection
EndProject
Project("{8BC9CEB8-8B4A-11D0-8D11-00A0C91BC942}") = "glad", "glad\glad.vcxproj", "{B4D31718-BA3D-39D3-954B-241D732F3964}"
	ProjectSection(ProjectDependencies) = postProject
		{5DEC39BE-BAA5-3E45-AF23-9BC23DE6CB36} = {5DEC39BE-BAA5-3E45-AF23-9BC23DE6CB36}
	EndProjectSection
EndProject
Project("{8BC9CEB8-8B4A-11D0-8D11-00A0C91BC942}") = "imgui", "imgui\imgui.vcxproj", "{FB852263-218D-3966-A7C9-60944B67E85F}"
	ProjectSection(ProjectDependencies) = postProject
		{5DEC39BE-BAA5-3E45-AF23-9BC23DE6CB36} = {5DEC39BE-BAA5-3E45-AF23-9BC23DE6CB36}
	EndProjectSection
EndProject
Project("{8BC9CEB8-8B4A-11D0-8D11-00A0C91BC942}") = "lua", "luac\lua\lua.vcxproj", "{FC5678D1-2CE0-35C9-AF5A-3C66A4E8ECE9}"
	ProjectSection(ProjectDependencies) = postProject
		{5DEC39BE-BAA5-3E45-AF23-9BC23DE6CB36} = {5DEC39BE-BAA5-3E45-AF23-9BC23DE6CB36}
		{17736992-6E3F-3D50-AC92-671B16D2DE3E} = {17736992-6E3F-3D50-AC92-671B16D2DE3E}
	EndProjectSection
EndProject
Project("{8BC9CEB8-8B4A-11D0-8D11-00A0C91BC942}") = "luac", "luac\luac.vcxproj", "{17736992-6E3F-3D50-AC92-671B16D2DE3E}"
	ProjectSection(ProjectDependencies) = postProject
		{5DEC39BE-BAA5-3E45-AF23-9BC23DE6CB36} = {5DEC39BE-BAA5-3E45-AF23-9BC23DE6CB36}
	EndProjectSection
EndProject
Project("{8BC9CEB8-8B4A-11D0-8D11-00A0C91BC942}") = "spdlog", "spdlog\spdlog.vcxproj", "{06996E2A-277F-3ADD-A286-FAD5ADBBD3E0}"
	ProjectSection(ProjectDependencies) = postProject
		{5DEC39BE-BAA5-3E45-AF23-9BC23DE6CB36} = {5DEC39BE-BAA5-3E45-AF23-9BC23DE6CB36}
	EndProjectSection
EndProject
Global
	GlobalSection(SolutionConfigurationPlatforms) = preSolution
		Debug|x64 = Debug|x64
		Release|x64 = Release|x64
		MinSizeRel|x64 = MinSizeRel|x64
		RelWithDebInfo|x64 = RelWithDebInfo|x64
	EndGlobalSection
	GlobalSection(ProjectConfigurationPlatforms) = postSolution
		{3ACA32FF-75DC-36E4-9B98-AA6CB12509A2}.Debug|x64.ActiveCfg = Debug|x64
		{3ACA32FF-75DC-36E4-9B98-AA6CB12509A2}.Release|x64.ActiveCfg = Release|x64
		{3ACA32FF-75DC-36E4-9B98-AA6CB12509A2}.MinSizeRel|x64.ActiveCfg = MinSizeRel|x64
		{3ACA32FF-75DC-36E4-9B98-AA6CB12509A2}.RelWithDebInfo|x64.ActiveCfg = RelWithDebInfo|x64
		{9D751A8E-8B0D-30E8-AE1E-F743E762E6A5}.Debug|x64.ActiveCfg = Debug|x64
		{9D751A8E-8B0D-30E8-AE1E-F743E762E6A5}.Debug|x64.Build.0 = Debug|x64
		{9D751A8E-8B0D-30E8-AE1E-F743E762E6A5}.Release|x64.ActiveCfg = Release|x64
		{9D751A8E-8B0D-30E8-AE1E-F743E762E6A5}.Release|x64.Build.0 = Release|x64
		{9D751A8E-8B0D-30E8-AE1E-F743E762E6A5}.MinSizeRel|x64.ActiveCfg = MinSizeRel|x64
		{9D751A8E-8B0D-30E8-AE1E-F743E762E6A5}.MinSizeRel|x64.Build.0 = MinSizeRel|x64
		{9D751A8E-8B0D-30E8-AE1E-F743E762E6A5}.RelWithDebInfo|x64.ActiveCfg = RelWithDebInfo|x64
		{9D751A8E-8B0D-30E8-AE1E-F743E762E6A5}.RelWithDebInfo|x64.Build.0 = RelWithDebInfo|x64
		{EA56BF1B-743E-3032-B73C-47DA554ED6A9}.Debug|x64.ActiveCfg = Debug|x64
		{EA56BF1B-743E-3032-B73C-47DA554ED6A9}.Debug|x64.Build.0 = Debug|x64
		{EA56BF1B-743E-3032-B73C-47DA554ED6A9}.Release|x64.ActiveCfg = Release|x64
		{EA56BF1B-743E-3032-B73C-47DA554ED6A9}.Release|x64.Build.0 = Release|x64
		{EA56BF1B-743E-3032-B73C-47DA554ED6A9}.MinSizeRel|x64.ActiveCfg = MinSizeRel|x64
		{EA56BF1B-743E-3032-B73C-47DA554ED6A9}.MinSizeRel|x64.Build.0 = MinSizeRel|x64
		{EA56BF1B-743E-3032-B73C-47DA554ED6A9}.RelWithDebInfo|x64.ActiveCfg = RelWithDebInfo|x64
		{EA56BF1B-743E-3032-B73C-47DA554ED6A9}.RelWithDebInfo|x64.Build.0 = RelWithDebInfo|x64
		{CE0A2F85-E116-30D4-954D-38D8C0A0735E}.Debug|x64.ActiveCfg = Debug|x64
		{CE0A2F85-E116-30D4-954D-38D8C0A0735E}.Debug|x64.Build.0 = Debug|x64
		{CE0A2F85-E116-30D4-954D-38D8C0A0735E}.Release|x64.ActiveCfg = Release|x64
		{CE0A2F85-E116-30D4-954D-38D8C0A0735E}.Release|x64.Build.0 = Release|x64
		{CE0A2F85-E116-30D4-954D-38D8C0A0735E}.MinSizeRel|x64.ActiveCfg = MinSizeRel|x64
		{CE0A2F85-E116-30D4-954D-38D8C0A0735E}.MinSizeRel|x64.Build.0 = MinSizeRel|x64
		{CE0A2F85-E116-30D4-954D-38D8C0A0735E}.RelWithDebInfo|x64.ActiveCfg = RelWithDebInfo|x64
		{CE0A2F85-E116-30D4-954D-38D8C0A0735E}.RelWithDebInfo|x64.Build.0 = RelWithDebInfo|x64
		{5DEC39BE-BAA5-3E45-AF23-9BC23DE6CB36}.Debug|x64.ActiveCfg = Debug|x64
		{5DEC39BE-BAA5-3E45-AF23-9BC23DE6CB36}.Debug|x64.Build.0 = Debug|x64
		{5DEC39BE-BAA5-3E45-AF23-9BC23DE6CB36}.Release|x64.ActiveCfg = Release|x64
		{5DEC39BE-BAA5-3E45-AF23-9BC23DE6CB36}.Release|x64.Build.0 = Release|x64
		{5DEC39BE-BAA5-3E45-AF23-9BC23DE6CB36}.MinSizeRel|x64.ActiveCfg = MinSizeRel|x64
		{5DEC39BE-BAA5-3E45-AF23-9BC23DE6CB36}.MinSizeRel|x64.Build.0 = MinSizeRel|x64
		{5DEC39BE-BAA5-3E45-AF23-9BC23DE6CB36}.RelWithDebInfo|x64.ActiveCfg = RelWithDebInfo|x64
		{5DEC39BE-BAA5-3E45-AF23-9BC23DE6CB36}.RelWithDebInfo|x64.Build.0 = RelWithDebInfo|x64
		{B4D31718-BA3D-39D3-954B-241D732F3964}.Debug|x64.ActiveCfg = Debug|x64
		{B4D31718-BA3D-39D3-954B-241D732F3964}.Debug|x64.Build.0 = Debug|x64
		{B4D31718-BA3D-39D3-954B-241D732F3964}.Release|x64.ActiveCfg = Release|x64
		{B4D31718-BA3D-39D3-954B-241D732F3964}.Release|x64.Build.0 = Release|x64
		{B4D31718-BA3D-39D3-954B-241D732F3964}.MinSizeRel|x64.ActiveCfg = MinSizeRel|x64
		{B4D31718-BA3D-39D3-954B-241D732F3964}.MinSizeRel|x64.Build.0 = MinSizeRel|x64
		{B4D31718-BA3D-39D3-954B-241D732F3964}.RelWithDebInfo|x64.ActiveCfg = RelWithDebInfo|x64
		{B4D31718-BA3D-39D3-954B-241D732F3964}.RelWithDebInfo|x64.Build.0 = RelWithDebInfo|x64
		{FB852263-218D-3966-A7C9-60944B67E85F}.Debug|x64.ActiveCfg = Debug|x64
		{FB852263-218D-3966-A7C9-60944B67E85F}.Debug|x64.Build.0 = Debug|x64
		{FB852263-218D-3966-A7C9-60944B67E85F}.Release|x64.ActiveCfg = Release|x64
		{FB852263-218D-3966-A7C9-60944B67E85F}.Release|x64.Build.0 = Release|x64
		{FB852263-218D-3966-A7C9-60944B67E85F}.MinSizeRel|x64.ActiveCfg = MinSizeRel|x64
		{FB852263-218D-3966-A7C9-60944B67E85F}.MinSizeRel|x64.Build.0 = MinSizeRel|x64
		{FB852263-218D-3966-A7C9-60944B67E85F}.RelWithDebInfo|x64.ActiveCfg = RelWithDebInfo|x64
		{FB852263-218D-3966-A7C9-60944B67E85F}.RelWithDebInfo|x64.Build.0 = RelWithDebInfo|x64
		{FC5678D1-2CE0-35C9-AF5A-3C66A4E8ECE9}.Debug|x64.ActiveCfg = Debug|x64
		{FC5678D1-2CE0-35C9-AF5A-3C66A4E8ECE9}.Debug|x64.Build.0 = Debug|x64
		{FC5678D1-2CE0-35C9-AF5A-3C66A4E8ECE9}.Release|x64.ActiveCfg = Release|x64
		{FC5678D1-2CE0-35C9-AF5A-3C66A4E8ECE9}.Release|x64.Build.0 = Release|x64
		{FC5678D1-2CE0-35C9-AF5A-3C66A4E8ECE9}.MinSizeRel|x64.ActiveCfg = MinSizeRel|x64
		{FC5678D1-2CE0-35C9-AF5A-3C66A4E8ECE9}.MinSizeRel|x64.Build.0 = MinSizeRel|x64
		{FC5678D1-2CE0-35C9-AF5A-3C66A4E8ECE9}.RelWithDebInfo|x64.ActiveCfg = RelWithDebInfo|x64
		{FC5678D1-2CE0-35C9-AF5A-3C66A4E8ECE9}.RelWithDebInfo|x64.Build.0 = RelWithDebInfo|x64
		{17736992-6E3F-3D50-AC92-671B16D2DE3E}.Debug|x64.ActiveCfg = Debug|x64
		{17736992-6E3F-3D50-AC92-671B16D2DE3E}.Debug|x64.Build.0 = Debug|x64
		{17736992-6E3F-3D50-AC92-671B16D2DE3E}.Release|x64.ActiveCfg = Release|x64
		{17736992-6E3F-3D50-AC92-671B16D2DE3E}.Release|x64.Build.0 = Release|x64
		{17736992-6E3F-3D50-AC92-671B16D2DE3E}.MinSizeRel|x64.ActiveCfg = MinSizeRel|x64
		{17736992-6E3F-3D50-AC92-671B16D2DE3E}.MinSizeRel|x64.Build.0 = MinSizeRel|x64
		{17736992-6E3F-3D50-AC92-671B16D2DE3E}.RelWithDebInfo|x64.ActiveCfg = RelWithDebInfo|x64
		{17736992-6E3F-3D50-AC92-671B16D2DE3E}.RelWithDebInfo|x64.Build.0 = RelWithDebInfo|x64
		{06996E2A-277F-3ADD-A286-FAD5ADBBD3E0}.Debug|x64.ActiveCfg = Debug|x64
		{06996E2A-277F-3ADD-A286-FAD5ADBBD3E0}.Debug|x64.Build.0 = Debug|x64
		{06996E2A-277F-3ADD-A286-FAD5ADBBD3E0}.Release|x64.ActiveCfg = Release|x64
		{06996E2A-277F-3ADD-A286-FAD5ADBBD3E0}.Release|x64.Build.0 = Release|x64
		{06996E2A-277F-3ADD-A286-FAD5ADBBD3E0}.MinSizeRel|x64.ActiveCfg = MinSizeRel|x64
		{06996E2A-277F-3ADD-A286-FAD5ADBBD3E0}.MinSizeRel|x64.Build.0 = MinSizeRel|x64
		{06996E2A-277F-3ADD-A286-FAD5ADBBD3E0}.RelWithDebInfo|x64.ActiveCfg = RelWithDebInfo|x64
		{06996E2A-277F-3ADD-A286-FAD5ADBBD3E0}.RelWithDebInfo|x64.Build.0 = RelWithDebInfo|x64
	EndGlobalSection
	GlobalSection(ExtensibilityGlobals) = postSolution
		SolutionGuid = {E5501595-9F5D-38D9-98B8-44F64EBC276D}
	EndGlobalSection
	GlobalSection(ExtensibilityAddIns) = postSolution
	EndGlobalSection
EndGlobal
