<?xml version="1.0" encoding="utf-8"?>
<Project ToolsVersion="16.0" xmlns="http://schemas.microsoft.com/developer/msbuild/2003">
  <ItemGroup>
    <ClCompile Include="F:\Developer Crib\GameEngineWorkspace\Cuboid\ENGINE\CMakeFiles\ENGINE.dir\cmake_pch.cxx">
      <Filter>Source Files</Filter>
    </ClCompile>
    <ClCompile Include="F:\Developer Crib\GameEngineWorkspace\Cuboid\ENGINE\src\Cuboid\ImGui\ImGuiDock.cpp">
      <Filter>Cuboid\ImGui</Filter>
    </ClCompile>
    <ClCompile Include="F:\Developer Crib\GameEngineWorkspace\Cuboid\ENGINE\src\Cuboid\ImGui\ImGuiLayer.cpp">
      <Filter>Cuboid\ImGui</Filter>
    </ClCompile>
    <ClCompile Include="F:\Developer Crib\GameEngineWorkspace\Cuboid\ENGINE\src\Cuboid\Platform\OpenGL\common.cpp">
      <Filter>Cuboid\Platform\OpenGL</Filter>
    </ClCompile>
    <ClCompile Include="F:\Developer Crib\GameEngineWorkspace\Cuboid\ENGINE\src\Cuboid\Platform\OpenGL\OpenGLIndexBuffer.cpp">
      <Filter>Cuboid\Platform\OpenGL</Filter>
    </ClCompile>
    <ClCompile Include="F:\Developer Crib\GameEngineWorkspace\Cuboid\ENGINE\src\Cuboid\Platform\OpenGL\OpenGLShader.cpp">
      <Filter>Cuboid\Platform\OpenGL</Filter>
    </ClCompile>
    <ClCompile Include="F:\Developer Crib\GameEngineWorkspace\Cuboid\ENGINE\src\Cuboid\Platform\OpenGL\OpenGLTexture2D.cpp">
      <Filter>Cuboid\Platform\OpenGL</Filter>
    </ClCompile>
    <ClCompile Include="F:\Developer Crib\GameEngineWorkspace\Cuboid\ENGINE\src\Cuboid\Platform\OpenGL\OpenGLVertexArray.cpp">
      <Filter>Cuboid\Platform\OpenGL</Filter>
    </ClCompile>
    <ClCompile Include="F:\Developer Crib\GameEngineWorkspace\Cuboid\ENGINE\src\Cuboid\Platform\OpenGL\OpenGLVertexBuffer.cpp">
      <Filter>Cuboid\Platform\OpenGL</Filter>
    </ClCompile>
    <ClCompile Include="F:\Developer Crib\GameEngineWorkspace\Cuboid\ENGINE\src\Cuboid\Platform\OpenGL\Renderer\OpenGLRendererAPI.cpp">
      <Filter>Cuboid\Platform\OpenGL\Renderer</Filter>
    </ClCompile>
    <ClCompile Include="F:\Developer Crib\GameEngineWorkspace\Cuboid\ENGINE\src\Cuboid\Platform\OpenGL\Renderer\OpenGLGraphicsContext.cpp">
      <Filter>Cuboid\Platform\OpenGL\Renderer</Filter>
    </ClCompile>
    <ClCompile Include="F:\Developer Crib\GameEngineWorkspace\Cuboid\ENGINE\src\Cuboid\Platform\DirectX\Renderer\D3DGraphicsContext.cpp">
      <Filter>Cuboid\Platform\DirectX\Renderer</Filter>
    </ClCompile>
    <ClCompile Include="F:\Developer Crib\GameEngineWorkspace\Cuboid\ENGINE\src\Cuboid\Platform\DirectX\Renderer\D3DRendererAPI.cpp">
      <Filter>Cuboid\Platform\DirectX\Renderer</Filter>
    </ClCompile>
    <ClCompile Include="F:\Developer Crib\GameEngineWorkspace\Cuboid\ENGINE\src\Cuboid\Platform\DirectX\Renderer\D3DVertexArray.cpp">
      <Filter>Cuboid\Platform\DirectX\Renderer</Filter>
    </ClCompile>
    <ClCompile Include="F:\Developer Crib\GameEngineWorkspace\Cuboid\ENGINE\src\Cuboid\Platform\DirectX\Renderer\D3DVertexBuffer.cpp">
      <Filter>Cuboid\Platform\DirectX\Renderer</Filter>
    </ClCompile>
    <ClCompile Include="F:\Developer Crib\GameEngineWorkspace\Cuboid\ENGINE\src\Cuboid\Platform\DirectX\Renderer\D3DIndexBuffer.cpp">
      <Filter>Cuboid\Platform\DirectX\Renderer</Filter>
    </ClCompile>
    <ClCompile Include="F:\Developer Crib\GameEngineWorkspace\Cuboid\ENGINE\src\Cuboid\Platform\DirectX\Renderer\D3DShader.cpp">
      <Filter>Cuboid\Platform\DirectX\Renderer</Filter>
    </ClCompile>
    <ClCompile Include="F:\Developer Crib\GameEngineWorkspace\Cuboid\ENGINE\src\Cuboid\Platform\DirectX\Renderer\D3DTexture.cpp">
      <Filter>Cuboid\Platform\DirectX\Renderer</Filter>
    </ClCompile>
    <ClCompile Include="F:\Developer Crib\GameEngineWorkspace\Cuboid\ENGINE\src\Cuboid\Platform\DirectX\Renderer\D3DTexture2DArray.cpp">
      <Filter>Cuboid\Platform\DirectX\Renderer</Filter>
    </ClCompile>
    <ClCompile Include="F:\Developer Crib\GameEngineWorkspace\Cuboid\ENGINE\src\Cuboid\Platform\DirectX\Renderer\D3DFramebuffers.cpp">
      <Filter>Cuboid\Platform\DirectX\Renderer</Filter>
    </ClCompile>
    <ClCompile Include="F:\Developer Crib\GameEngineWorkspace\Cuboid\ENGINE\src\Cuboid\Platform\DirectX\Renderer\D3DVertexBufferLayout.cpp">
      <Filter>Cuboid\Platform\DirectX\Renderer</Filter>
    </ClCompile>
    <ClCompile Include="F:\Developer Crib\GameEngineWorkspace\Cuboid\ENGINE\src\Cuboid\Platform\DirectX\Renderer\InitializeD3Devices.cpp">
      <Filter>Cuboid\Platform\DirectX\Renderer</Filter>
    </ClCompile>
    <ClCompile Include="F:\Developer Crib\GameEngineWorkspace\Cuboid\ENGINE\src\Cuboid\Platform\Windowing\WindowsWindow.cpp">
      <Filter>Cuboid\Platform\Windowing</Filter>
    </ClCompile>
    <ClCompile Include="F:\Developer Crib\GameEngineWorkspace\Cuboid\ENGINE\src\Cuboid\Platform\Windowing\SDLWindow.cpp">
      <Filter>Cuboid\Platform\Windowing</Filter>
    </ClCompile>
    <ClCompile Include="F:\Developer Crib\GameEngineWorkspace\Cuboid\ENGINE\src\Cuboid\Platform\SystemInput\WindowsInput.cpp">
      <Filter>Cuboid\Platform\SystemInput</Filter>
    </ClCompile>
    <ClCompile Include="F:\Developer Crib\GameEngineWorkspace\Cuboid\ENGINE\src\Cuboid\Renderer\Buffer.cpp">
      <Filter>Cuboid\Renderer</Filter>
    </ClCompile>
    <ClCompile Include="F:\Developer Crib\GameEngineWorkspace\Cuboid\ENGINE\src\Cuboid\Renderer\Renderer.cpp">
      <Filter>Cuboid\Renderer</Filter>
    </ClCompile>
    <ClCompile Include="F:\Developer Crib\GameEngineWorkspace\Cuboid\ENGINE\src\Cuboid\Renderer\RendererAPI.cpp">
      <Filter>Cuboid\Renderer</Filter>
    </ClCompile>
    <ClCompile Include="F:\Developer Crib\GameEngineWorkspace\Cuboid\ENGINE\src\Cuboid\Renderer\RendererCommand.cpp">
      <Filter>Cuboid\Renderer</Filter>
    </ClCompile>
    <ClCompile Include="F:\Developer Crib\GameEngineWorkspace\Cuboid\ENGINE\src\Cuboid\Renderer\VertexArray.cpp">
      <Filter>Cuboid\Renderer</Filter>
    </ClCompile>
    <ClCompile Include="F:\Developer Crib\GameEngineWorkspace\Cuboid\ENGINE\src\Cuboid\Renderer\Shader.cpp">
      <Filter>Cuboid\Renderer</Filter>
    </ClCompile>
    <ClCompile Include="F:\Developer Crib\GameEngineWorkspace\Cuboid\ENGINE\src\Cuboid\Renderer\Texture.cpp">
      <Filter>Cuboid\Renderer</Filter>
    </ClCompile>
    <ClCompile Include="F:\Developer Crib\GameEngineWorkspace\Cuboid\ENGINE\src\Cuboid\Renderer\Camera2D.cpp">
      <Filter>Cuboid\Renderer</Filter>
    </ClCompile>
    <ClCompile Include="F:\Developer Crib\GameEngineWorkspace\Cuboid\ENGINE\src\Cuboid\Renderer\Camera2DController.cpp">
      <Filter>Cuboid\Renderer</Filter>
    </ClCompile>
    <ClCompile Include="F:\Developer Crib\GameEngineWorkspace\Cuboid\ENGINE\src\Cuboid\Renderer\GraphicsContext.cpp">
      <Filter>Cuboid\Renderer</Filter>
    </ClCompile>
    <ClCompile Include="F:\Developer Crib\GameEngineWorkspace\Cuboid\ENGINE\src\Cuboid\Renderer\Renderer2D.cpp">
      <Filter>Cuboid\Renderer</Filter>
    </ClCompile>
    <ClCompile Include="F:\Developer Crib\GameEngineWorkspace\Cuboid\ENGINE\src\Cuboid\Renderer\VertexBufferLayout.cpp">
      <Filter>Cuboid\Renderer</Filter>
    </ClCompile>
    <ClCompile Include="F:\Developer Crib\GameEngineWorkspace\Cuboid\ENGINE\src\Cuboid\Renderer\Texture2DArray.cpp">
      <Filter>Cuboid\Renderer</Filter>
    </ClCompile>
    <ClCompile Include="F:\Developer Crib\GameEngineWorkspace\Cuboid\ENGINE\src\Cuboid\Renderer\FrameBuffer.cpp">
      <Filter>Cuboid\Renderer</Filter>
    </ClCompile>
    <ClCompile Include="F:\Developer Crib\GameEngineWorkspace\Cuboid\ENGINE\src\Cuboid\Core\Window.cpp">
      <Filter>Cuboid\Core</Filter>
    </ClCompile>
    <ClCompile Include="F:\Developer Crib\GameEngineWorkspace\Cuboid\ENGINE\src\Cuboid\utils\stb_image\std_image.cpp">
      <Filter>Cuboid\utils\stb_image</Filter>
    </ClCompile>
    <ClCompile Include="F:\Developer Crib\GameEngineWorkspace\Cuboid\ENGINE\src\Cuboid\utils\Logger.cpp">
      <Filter>Cuboid\utils</Filter>
    </ClCompile>
    <ClCompile Include="F:\Developer Crib\GameEngineWorkspace\Cuboid\ENGINE\src\Cuboid\utils\IO\FileSystem.cpp">
      <Filter>Cuboid\utils\IO</Filter>
    </ClCompile>
    <ClCompile Include="F:\Developer Crib\GameEngineWorkspace\Cuboid\ENGINE\src\Cuboid\Core\Application.cpp">
      <Filter>Cuboid\Core</Filter>
    </ClCompile>
    <ClCompile Include="F:\Developer Crib\GameEngineWorkspace\Cuboid\ENGINE\src\Cuboid\Core\Layer.cpp">
      <Filter>Cuboid\Core</Filter>
    </ClCompile>
    <ClCompile Include="F:\Developer Crib\GameEngineWorkspace\Cuboid\ENGINE\src\Cuboid\Core\LayerStack.cpp">
      <Filter>Cuboid\Core</Filter>
    </ClCompile>
    <ClCompile Include="F:\Developer Crib\GameEngineWorkspace\Cuboid\ENGINE\src\Cuboid\Core\Input.cpp">
      <Filter>Cuboid\Core</Filter>
    </ClCompile>
    <ClCompile Include="F:\Developer Crib\GameEngineWorkspace\Cuboid\ENGINE\src\Cuboid\Events\Event.cpp">
      <Filter>Cuboid\Events</Filter>
    </ClCompile>
  </ItemGroup>
  <ItemGroup>
    <ClInclude Include="F:\Developer Crib\GameEngineWorkspace\Cuboid\ENGINE\src\Cuboid\ImGui\ImGuiDock.h">
      <Filter>Cuboid\ImGui</Filter>
    </ClInclude>
    <ClInclude Include="F:\Developer Crib\GameEngineWorkspace\Cuboid\ENGINE\src\Cuboid\ImGui\ImGuiLayer.h">
      <Filter>Cuboid\ImGui</Filter>
    </ClInclude>
    <ClInclude Include="F:\Developer Crib\GameEngineWorkspace\Cuboid\ENGINE\src\Cuboid\Platform\OpenGL\common.h">
      <Filter>Cuboid\Platform\OpenGL</Filter>
    </ClInclude>
    <ClInclude Include="F:\Developer Crib\GameEngineWorkspace\Cuboid\ENGINE\src\Cuboid\Platform\OpenGL\OpenGLIndexBuffer.h">
      <Filter>Cuboid\Platform\OpenGL</Filter>
    </ClInclude>
    <ClInclude Include="F:\Developer Crib\GameEngineWorkspace\Cuboid\ENGINE\src\Cuboid\Platform\OpenGL\OpenGLShader.h">
      <Filter>Cuboid\Platform\OpenGL</Filter>
    </ClInclude>
    <ClInclude Include="F:\Developer Crib\GameEngineWorkspace\Cuboid\ENGINE\src\Cuboid\Platform\OpenGL\OpenGLTexture2D.h">
      <Filter>Cuboid\Platform\OpenGL</Filter>
    </ClInclude>
    <ClInclude Include="F:\Developer Crib\GameEngineWorkspace\Cuboid\ENGINE\src\Cuboid\Platform\OpenGL\OpenGLVertexArray.h">
      <Filter>Cuboid\Platform\OpenGL</Filter>
    </ClInclude>
    <ClInclude Include="F:\Developer Crib\GameEngineWorkspace\Cuboid\ENGINE\src\Cuboid\Platform\OpenGL\OpenGLVertexBuffer.h">
      <Filter>Cuboid\Platform\OpenGL</Filter>
    </ClInclude>
    <ClInclude Include="F:\Developer Crib\GameEngineWorkspace\Cuboid\ENGINE\src\Cuboid\Platform\OpenGL\Renderer\OpenGLRendererAPI.h">
      <Filter>Cuboid\Platform\OpenGL\Renderer</Filter>
    </ClInclude>
    <ClInclude Include="F:\Developer Crib\GameEngineWorkspace\Cuboid\ENGINE\src\Cuboid\Platform\OpenGL\Renderer\OpenGLGraphicsContext.h">
      <Filter>Cuboid\Platform\OpenGL\Renderer</Filter>
    </ClInclude>
    <ClInclude Include="F:\Developer Crib\GameEngineWorkspace\Cuboid\ENGINE\src\Cuboid\Platform\DirectX\Renderer\D3DGraphicsContext.h">
      <Filter>Cuboid\Platform\DirectX\Renderer</Filter>
    </ClInclude>
    <ClInclude Include="F:\Developer Crib\GameEngineWorkspace\Cuboid\ENGINE\src\Cuboid\Platform\DirectX\Renderer\D3DRendererAPI.h">
      <Filter>Cuboid\Platform\DirectX\Renderer</Filter>
    </ClInclude>
    <ClInclude Include="F:\Developer Crib\GameEngineWorkspace\Cuboid\ENGINE\src\Cuboid\Platform\DirectX\Renderer\D3DVertexArray.h">
      <Filter>Cuboid\Platform\DirectX\Renderer</Filter>
    </ClInclude>
    <ClInclude Include="F:\Developer Crib\GameEngineWorkspace\Cuboid\ENGINE\src\Cuboid\Platform\DirectX\Renderer\D3DVertexBuffer.h">
      <Filter>Cuboid\Platform\DirectX\Renderer</Filter>
    </ClInclude>
    <ClInclude Include="F:\Developer Crib\GameEngineWorkspace\Cuboid\ENGINE\src\Cuboid\Platform\DirectX\Renderer\D3DIndexBuffer.h">
      <Filter>Cuboid\Platform\DirectX\Renderer</Filter>
    </ClInclude>
    <ClInclude Include="F:\Developer Crib\GameEngineWorkspace\Cuboid\ENGINE\src\Cuboid\Platform\DirectX\Renderer\D3DShader.h">
      <Filter>Cuboid\Platform\DirectX\Renderer</Filter>
    </ClInclude>
    <ClInclude Include="F:\Developer Crib\GameEngineWorkspace\Cuboid\ENGINE\src\Cuboid\Platform\DirectX\Renderer\D3DTexture.h">
      <Filter>Cuboid\Platform\DirectX\Renderer</Filter>
    </ClInclude>
    <ClInclude Include="F:\Developer Crib\GameEngineWorkspace\Cuboid\ENGINE\src\Cuboid\Platform\DirectX\Renderer\D3DTexture2DArray.h">
      <Filter>Cuboid\Platform\DirectX\Renderer</Filter>
    </ClInclude>
    <ClInclude Include="F:\Developer Crib\GameEngineWorkspace\Cuboid\ENGINE\src\Cuboid\Platform\DirectX\Renderer\D3DFramebuffers.h">
      <Filter>Cuboid\Platform\DirectX\Renderer</Filter>
    </ClInclude>
    <ClInclude Include="F:\Developer Crib\GameEngineWorkspace\Cuboid\ENGINE\src\Cuboid\Platform\DirectX\Renderer\D3DVertexBufferLayout.h">
      <Filter>Cuboid\Platform\DirectX\Renderer</Filter>
    </ClInclude>
    <ClInclude Include="F:\Developer Crib\GameEngineWorkspace\Cuboid\ENGINE\src\Cuboid\Platform\DirectX\Renderer\DxHelper.h">
      <Filter>Cuboid\Platform\DirectX\Renderer</Filter>
    </ClInclude>
    <ClInclude Include="F:\Developer Crib\GameEngineWorkspace\Cuboid\ENGINE\src\Cuboid\Platform\DirectX\Renderer\InitializeD3Devices.h">
      <Filter>Cuboid\Platform\DirectX\Renderer</Filter>
    </ClInclude>
    <ClInclude Include="F:\Developer Crib\GameEngineWorkspace\Cuboid\ENGINE\src\Cuboid\Platform\Windowing\WindowsWindow.h">
      <Filter>Cuboid\Platform\Windowing</Filter>
    </ClInclude>
    <ClInclude Include="F:\Developer Crib\GameEngineWorkspace\Cuboid\ENGINE\src\Cuboid\Platform\Windowing\SDLWindow.h">
      <Filter>Cuboid\Platform\Windowing</Filter>
    </ClInclude>
    <ClInclude Include="F:\Developer Crib\GameEngineWorkspace\Cuboid\ENGINE\src\Cuboid\Platform\SystemInput\WindowsInput.h">
      <Filter>Cuboid\Platform\SystemInput</Filter>
    </ClInclude>
    <ClInclude Include="F:\Developer Crib\GameEngineWorkspace\Cuboid\ENGINE\src\Cuboid\Renderer\Buffer.h">
      <Filter>Cuboid\Renderer</Filter>
    </ClInclude>
    <ClInclude Include="F:\Developer Crib\GameEngineWorkspace\Cuboid\ENGINE\src\Cuboid\Renderer\Renderer.h">
      <Filter>Cuboid\Renderer</Filter>
    </ClInclude>
    <ClInclude Include="F:\Developer Crib\GameEngineWorkspace\Cuboid\ENGINE\src\Cuboid\Renderer\RendererAPI.h">
      <Filter>Cuboid\Renderer</Filter>
    </ClInclude>
    <ClInclude Include="F:\Developer Crib\GameEngineWorkspace\Cuboid\ENGINE\src\Cuboid\Renderer\RendererCommand.h">
      <Filter>Cuboid\Renderer</Filter>
    </ClInclude>
    <ClInclude Include="F:\Developer Crib\GameEngineWorkspace\Cuboid\ENGINE\src\Cuboid\Renderer\VertexArray.h">
      <Filter>Cuboid\Renderer</Filter>
    </ClInclude>
    <ClInclude Include="F:\Developer Crib\GameEngineWorkspace\Cuboid\ENGINE\src\Cuboid\Renderer\Shader.h">
      <Filter>Cuboid\Renderer</Filter>
    </ClInclude>
    <ClInclude Include="F:\Developer Crib\GameEngineWorkspace\Cuboid\ENGINE\src\Cuboid\Renderer\Texture.h">
      <Filter>Cuboid\Renderer</Filter>
    </ClInclude>
    <ClInclude Include="F:\Developer Crib\GameEngineWorkspace\Cuboid\ENGINE\src\Cuboid\Renderer\Camera2D.h">
      <Filter>Cuboid\Renderer</Filter>
    </ClInclude>
    <ClInclude Include="F:\Developer Crib\GameEngineWorkspace\Cuboid\ENGINE\src\Cuboid\Renderer\Camera2DController.h">
      <Filter>Cuboid\Renderer</Filter>
    </ClInclude>
    <ClInclude Include="F:\Developer Crib\GameEngineWorkspace\Cuboid\ENGINE\src\Cuboid\Renderer\GraphicsContext.h">
      <Filter>Cuboid\Renderer</Filter>
    </ClInclude>
    <ClInclude Include="F:\Developer Crib\GameEngineWorkspace\Cuboid\ENGINE\src\Cuboid\Renderer\Renderer2D.h">
      <Filter>Cuboid\Renderer</Filter>
    </ClInclude>
    <ClInclude Include="F:\Developer Crib\GameEngineWorkspace\Cuboid\ENGINE\src\Cuboid\Renderer\VertexBufferLayout.h">
      <Filter>Cuboid\Renderer</Filter>
    </ClInclude>
    <ClInclude Include="F:\Developer Crib\GameEngineWorkspace\Cuboid\ENGINE\src\Cuboid\Renderer\Texture2DArray.h">
      <Filter>Cuboid\Renderer</Filter>
    </ClInclude>
    <ClInclude Include="F:\Developer Crib\GameEngineWorkspace\Cuboid\ENGINE\src\Cuboid\Renderer\FrameBuffer.h">
      <Filter>Cuboid\Renderer</Filter>
    </ClInclude>
    <ClInclude Include="F:\Developer Crib\GameEngineWorkspace\Cuboid\ENGINE\src\Cuboid\Core\Window.h">
      <Filter>Cuboid\Core</Filter>
    </ClInclude>
    <ClInclude Include="F:\Developer Crib\GameEngineWorkspace\Cuboid\ENGINE\src\Cuboid\utils\stb_image\stb_image.h">
      <Filter>Cuboid\utils\stb_image</Filter>
    </ClInclude>
    <ClInclude Include="F:\Developer Crib\GameEngineWorkspace\Cuboid\ENGINE\src\Cuboid\utils\IO\FileSystem.h">
      <Filter>Cuboid\utils\IO</Filter>
    </ClInclude>
    <ClInclude Include="F:\Developer Crib\GameEngineWorkspace\Cuboid\ENGINE\src\Cuboid\Core\Application.h">
      <Filter>Cuboid\Core</Filter>
    </ClInclude>
    <ClInclude Include="F:\Developer Crib\GameEngineWorkspace\Cuboid\ENGINE\src\Cuboid\Core\Layer.h">
      <Filter>Cuboid\Core</Filter>
    </ClInclude>
    <ClInclude Include="F:\Developer Crib\GameEngineWorkspace\Cuboid\ENGINE\src\Cuboid\Core\LayerStack.h">
      <Filter>Cuboid\Core</Filter>
    </ClInclude>
    <ClInclude Include="F:\Developer Crib\GameEngineWorkspace\Cuboid\ENGINE\src\Cuboid\Core\Core.h">
      <Filter>Cuboid\Core</Filter>
    </ClInclude>
    <ClInclude Include="F:\Developer Crib\GameEngineWorkspace\Cuboid\ENGINE\src\Cuboid\Core\Cuboid.h">
      <Filter>Cuboid\Core</Filter>
    </ClInclude>
    <ClInclude Include="F:\Developer Crib\GameEngineWorkspace\Cuboid\ENGINE\src\Cuboid\Core\EntryPoint.h">
      <Filter>Cuboid\Core</Filter>
    </ClInclude>
    <ClInclude Include="F:\Developer Crib\GameEngineWorkspace\Cuboid\ENGINE\src\Cuboid\Core\Input.h">
      <Filter>Cuboid\Core</Filter>
    </ClInclude>
    <ClInclude Include="F:\Developer Crib\GameEngineWorkspace\Cuboid\ENGINE\src\Cuboid\Core\KeyCode.h">
      <Filter>Cuboid\Core</Filter>
    </ClInclude>
    <ClInclude Include="F:\Developer Crib\GameEngineWorkspace\Cuboid\ENGINE\src\Cuboid\Core\MouseCodes.h">
      <Filter>Cuboid\Core</Filter>
    </ClInclude>
    <ClInclude Include="F:\Developer Crib\GameEngineWorkspace\Cuboid\ENGINE\src\Cuboid\Events\Event.h">
      <Filter>Cuboid\Events</Filter>
    </ClInclude>
    <ClInclude Include="F:\Developer Crib\GameEngineWorkspace\Cuboid\ENGINE\src\Cuboid\Events\KeyEvent.h">
      <Filter>Cuboid\Events</Filter>
    </ClInclude>
    <ClInclude Include="F:\Developer Crib\GameEngineWorkspace\Cuboid\ENGINE\src\Cuboid\Events\MouseEvent.h">
      <Filter>Cuboid\Events</Filter>
    </ClInclude>
    <ClInclude Include="F:\Developer Crib\GameEngineWorkspace\Cuboid\ENGINE\src\Cuboid\Events\ApplicationEvent.h">
      <Filter>Cuboid\Events</Filter>
    </ClInclude>
    <ClInclude Include="F:\Developer Crib\GameEngineWorkspace\Cuboid\ENGINE\CMakeFiles\ENGINE.dir\cmake_pch.hxx">
      <Filter>Precompile Header File</Filter>
    </ClInclude>
  </ItemGroup>
  <ItemGroup>
    <CustomBuild Include="F:\Developer Crib\GameEngineWorkspace\Cuboid\ENGINE\CMakelists.txt" />
  </ItemGroup>
  <ItemGroup>
    <Filter Include="Cuboid">
      <UniqueIdentifier>{E42A8F4D-9FF6-36BA-8BEF-9D26A95BEAFB}</UniqueIdentifier>
    </Filter>
    <Filter Include="Cuboid\Core">
      <UniqueIdentifier>{336DB2CE-1E13-36B2-B1C5-DCA275ED14D5}</UniqueIdentifier>
    </Filter>
    <Filter Include="Cuboid\Events">
      <UniqueIdentifier>{00FD9933-519C-36D8-88AA-41EC508DF2F6}</UniqueIdentifier>
    </Filter>
    <Filter Include="Cuboid\ImGui">
      <UniqueIdentifier>{51DD9800-13AA-35AB-9B0E-496BBE966F5A}</UniqueIdentifier>
    </Filter>
    <Filter Include="Cuboid\Platform">
      <UniqueIdentifier>{147F7CF7-C913-3433-9225-4CE592769066}</UniqueIdentifier>
    </Filter>
    <Filter Include="Cuboid\Platform\DirectX">
      <UniqueIdentifier>{5C786BD8-5310-312A-97C0-F370A0459188}</UniqueIdentifier>
    </Filter>
    <Filter Include="Cuboid\Platform\DirectX\Renderer">
      <UniqueIdentifier>{D4F650AC-CC9E-38C7-B2CB-FA54C75520DC}</UniqueIdentifier>
    </Filter>
    <Filter Include="Cuboid\Platform\OpenGL">
      <UniqueIdentifier>{6DEC3C0E-9B65-353B-A055-022F87F0D7E5}</UniqueIdentifier>
    </Filter>
    <Filter Include="Cuboid\Platform\OpenGL\Renderer">
      <UniqueIdentifier>{091DFF4F-36DD-37E9-AB79-D0D55CF1E326}</UniqueIdentifier>
    </Filter>
    <Filter Include="Cuboid\Platform\SystemInput">
      <UniqueIdentifier>{5AA5095D-12BB-3A02-A0D4-DBE319606FD4}</UniqueIdentifier>
    </Filter>
    <Filter Include="Cuboid\Platform\Windowing">
      <UniqueIdentifier>{0DFD8821-F59E-3727-AC58-A9912BF372D0}</UniqueIdentifier>
    </Filter>
    <Filter Include="Cuboid\Renderer">
      <UniqueIdentifier>{AE568648-701F-3140-BB75-E4C313AA2B25}</UniqueIdentifier>
    </Filter>
    <Filter Include="Cuboid\utils">
      <UniqueIdentifier>{56D2A602-5DE8-3A38-BF8D-70AC1F9329CA}</UniqueIdentifier>
    </Filter>
    <Filter Include="Cuboid\utils\IO">
      <UniqueIdentifier>{0328AB7E-FFDE-3AB8-81E4-80571D67658C}</UniqueIdentifier>
    </Filter>
    <Filter Include="Cuboid\utils\stb_image">
      <UniqueIdentifier>{FD1C3E2E-0B3D-376E-BB56-7B735A47FB2D}</UniqueIdentifier>
    </Filter>
    <Filter Include="Precompile Header File">
      <UniqueIdentifier>{BE627E74-04A3-3287-91D5-992E56726B50}</UniqueIdentifier>
    </Filter>
    <Filter Include="Source Files">
      <UniqueIdentifier>{08F4B342-2FB2-3428-9F47-017DE56C0694}</UniqueIdentifier>
    </Filter>
  </ItemGroup>
</Project>
