Microsoft Visual Studio Solution File, Format Version 12.00
# Visual Studio 16
Project("{8BC9CEB8-8B4A-11D0-8D11-00A0C91BC942}") = "ALL_BUILD", "ALL_BUILD.vcxproj", "{8E96B7B9-5FD3-35FD-910E-88A19B61B02C}"
	ProjectSection(ProjectDependencies) = postProject
		{B45FE221-DE88-30B1-A959-4F3DCD645637} = {B45FE221-DE88-30B1-A959-4F3DCD645637}
		{D6155EEF-ED74-34A9-B55C-2CEC4BF9A1FD} = {D6155EEF-ED74-34A9-B55C-2CEC4BF9A1FD}
	EndProjectSection
EndProject
Project("{8BC9CEB8-8B4A-11D0-8D11-00A0C91BC942}") = "ZERO_CHECK", "..\..\\ZERO_CHECK.vcxproj", "{B45FE221-DE88-30B1-A959-4F3DCD645637}"
	ProjectSection(ProjectDependencies) = postProject
	EndProjectSection
EndProject
Project("{8BC9CEB8-8B4A-11D0-8D11-00A0C91BC942}") = "lua", "lua.vcxproj", "{D6155EEF-ED74-34A9-B55C-2CEC4BF9A1FD}"
	ProjectSection(ProjectDependencies) = postProject
		{B45FE221-DE88-30B1-A959-4F3DCD645637} = {B45FE221-DE88-30B1-A959-4F3DCD645637}
		{45EE6833-CD96-3E4D-AE86-08E702FF23B1} = {45EE6833-CD96-3E4D-AE86-08E702FF23B1}
	EndProjectSection
EndProject
Project("{8BC9CEB8-8B4A-11D0-8D11-00A0C91BC942}") = "luac", "..\\luac.vcxproj", "{45EE6833-CD96-3E4D-AE86-08E702FF23B1}"
	ProjectSection(ProjectDependencies) = postProject
		{B45FE221-DE88-30B1-A959-4F3DCD645637} = {B45FE221-DE88-30B1-A959-4F3DCD645637}
	EndProjectSection
EndProject
Global
	GlobalSection(SolutionConfigurationPlatforms) = preSolution
		Debug|x64 = Debug|x64
		Release|x64 = Release|x64
		MinSizeRel|x64 = MinSizeRel|x64
		RelWithDebInfo|x64 = RelWithDebInfo|x64
	EndGlobalSection
	GlobalSection(ProjectConfigurationPlatforms) = postSolution
		{8E96B7B9-5FD3-35FD-910E-88A19B61B02C}.Debug|x64.ActiveCfg = Debug|x64
		{8E96B7B9-5FD3-35FD-910E-88A19B61B02C}.Release|x64.ActiveCfg = Release|x64
		{8E96B7B9-5FD3-35FD-910E-88A19B61B02C}.MinSizeRel|x64.ActiveCfg = MinSizeRel|x64
		{8E96B7B9-5FD3-35FD-910E-88A19B61B02C}.RelWithDebInfo|x64.ActiveCfg = RelWithDebInfo|x64
		{B45FE221-DE88-30B1-A959-4F3DCD645637}.Debug|x64.ActiveCfg = Debug|x64
		{B45FE221-DE88-30B1-A959-4F3DCD645637}.Debug|x64.Build.0 = Debug|x64
		{B45FE221-DE88-30B1-A959-4F3DCD645637}.Release|x64.ActiveCfg = Release|x64
		{B45FE221-DE88-30B1-A959-4F3DCD645637}.Release|x64.Build.0 = Release|x64
		{B45FE221-DE88-30B1-A959-4F3DCD645637}.MinSizeRel|x64.ActiveCfg = MinSizeRel|x64
		{B45FE221-DE88-30B1-A959-4F3DCD645637}.MinSizeRel|x64.Build.0 = MinSizeRel|x64
		{B45FE221-DE88-30B1-A959-4F3DCD645637}.RelWithDebInfo|x64.ActiveCfg = RelWithDebInfo|x64
		{B45FE221-DE88-30B1-A959-4F3DCD645637}.RelWithDebInfo|x64.Build.0 = RelWithDebInfo|x64
		{D6155EEF-ED74-34A9-B55C-2CEC4BF9A1FD}.Debug|x64.ActiveCfg = Debug|x64
		{D6155EEF-ED74-34A9-B55C-2CEC4BF9A1FD}.Debug|x64.Build.0 = Debug|x64
		{D6155EEF-ED74-34A9-B55C-2CEC4BF9A1FD}.Release|x64.ActiveCfg = Release|x64
		{D6155EEF-ED74-34A9-B55C-2CEC4BF9A1FD}.Release|x64.Build.0 = Release|x64
		{D6155EEF-ED74-34A9-B55C-2CEC4BF9A1FD}.MinSizeRel|x64.ActiveCfg = MinSizeRel|x64
		{D6155EEF-ED74-34A9-B55C-2CEC4BF9A1FD}.MinSizeRel|x64.Build.0 = MinSizeRel|x64
		{D6155EEF-ED74-34A9-B55C-2CEC4BF9A1FD}.RelWithDebInfo|x64.ActiveCfg = RelWithDebInfo|x64
		{D6155EEF-ED74-34A9-B55C-2CEC4BF9A1FD}.RelWithDebInfo|x64.Build.0 = RelWithDebInfo|x64
		{45EE6833-CD96-3E4D-AE86-08E702FF23B1}.Debug|x64.ActiveCfg = Debug|x64
		{45EE6833-CD96-3E4D-AE86-08E702FF23B1}.Debug|x64.Build.0 = Debug|x64
		{45EE6833-CD96-3E4D-AE86-08E702FF23B1}.Release|x64.ActiveCfg = Release|x64
		{45EE6833-CD96-3E4D-AE86-08E702FF23B1}.Release|x64.Build.0 = Release|x64
		{45EE6833-CD96-3E4D-AE86-08E702FF23B1}.MinSizeRel|x64.ActiveCfg = MinSizeRel|x64
		{45EE6833-CD96-3E4D-AE86-08E702FF23B1}.MinSizeRel|x64.Build.0 = MinSizeRel|x64
		{45EE6833-CD96-3E4D-AE86-08E702FF23B1}.RelWithDebInfo|x64.ActiveCfg = RelWithDebInfo|x64
		{45EE6833-CD96-3E4D-AE86-08E702FF23B1}.RelWithDebInfo|x64.Build.0 = RelWithDebInfo|x64
	EndGlobalSection
	GlobalSection(ExtensibilityGlobals) = postSolution
		SolutionGuid = {858F1CE1-7CE8-3790-8283-A23E77FE5B68}
	EndGlobalSection
	GlobalSection(ExtensibilityAddIns) = postSolution
	EndGlobalSection
EndGlobal
