Microsoft Visual Studio Solution File, Format Version 12.00
# Visual Studio 16
Project("{2150E333-8FDC-42A3-9474-1A3956D46DE8}") = "CMakePredefinedTargets", "CMakePredefinedTargets", "{E30075AF-6ABD-37F4-998C-6C80C9098785}"
EndProject
Project("{2150E333-8FDC-42A3-9474-1A3956D46DE8}") = "HiddenTargets", "HiddenTargets", "{B927F3A8-61A0-3FAD-B40E-1563909ED230}"
EndProject
Project("{8BC9CEB8-8B4A-11D0-8D11-00A0C91BC942}") = "ALL_BUILD", "ALL_BUILD.vcxproj", "{8E96B7B9-5FD3-35FD-910E-88A19B61B02C}"
	ProjectSection(ProjectDependencies) = postProject
		{56B272D8-CF13-3D02-A8A8-3DFC201C3ADB} = {56B272D8-CF13-3D02-A8A8-3DFC201C3ADB}
		{B45FE221-DE88-30B1-A959-4F3DCD645637} = {B45FE221-DE88-30B1-A959-4F3DCD645637}
	EndProjectSection
EndProject
Project("{8BC9CEB8-8B4A-11D0-8D11-00A0C91BC942}") = "Cuboid-Editor", "Cuboid-Editor.vcxproj", "{56B272D8-CF13-3D02-A8A8-3DFC201C3ADB}"
	ProjectSection(ProjectDependencies) = postProject
		{A660F2AB-4D25-33C9-B528-8AB309BB9E03} = {A660F2AB-4D25-33C9-B528-8AB309BB9E03}
		{C3A33C6C-3385-3823-9C46-9BEFABB58BF1} = {C3A33C6C-3385-3823-9C46-9BEFABB58BF1}
		{B45FE221-DE88-30B1-A959-4F3DCD645637} = {B45FE221-DE88-30B1-A959-4F3DCD645637}
		{0A04DBA2-3BA4-39A0-A3D6-5A48F28B3E23} = {0A04DBA2-3BA4-39A0-A3D6-5A48F28B3E23}
		{57A463B7-898F-3C7B-9EF4-B91CD5DE0796} = {57A463B7-898F-3C7B-9EF4-B91CD5DE0796}
		{25F7905A-83C3-3ACE-BE10-C25878EB0426} = {25F7905A-83C3-3ACE-BE10-C25878EB0426}
		{45EE6833-CD96-3E4D-AE86-08E702FF23B1} = {45EE6833-CD96-3E4D-AE86-08E702FF23B1}
		{3342F168-979A-3200-846B-006E4E70B893} = {3342F168-979A-3200-846B-006E4E70B893}
		{F995CD45-6BF5-3669-8302-C4DE2B0CEDD8} = {F995CD45-6BF5-3669-8302-C4DE2B0CEDD8}
	EndProjectSection
EndProject
Project("{8BC9CEB8-8B4A-11D0-8D11-00A0C91BC942}") = "ENGINE", "..\ENGINE\ENGINE.vcxproj", "{A660F2AB-4D25-33C9-B528-8AB309BB9E03}"
	ProjectSection(ProjectDependencies) = postProject
		{C3A33C6C-3385-3823-9C46-9BEFABB58BF1} = {C3A33C6C-3385-3823-9C46-9BEFABB58BF1}
		{B45FE221-DE88-30B1-A959-4F3DCD645637} = {B45FE221-DE88-30B1-A959-4F3DCD645637}
		{0A04DBA2-3BA4-39A0-A3D6-5A48F28B3E23} = {0A04DBA2-3BA4-39A0-A3D6-5A48F28B3E23}
		{57A463B7-898F-3C7B-9EF4-B91CD5DE0796} = {57A463B7-898F-3C7B-9EF4-B91CD5DE0796}
		{25F7905A-83C3-3ACE-BE10-C25878EB0426} = {25F7905A-83C3-3ACE-BE10-C25878EB0426}
		{45EE6833-CD96-3E4D-AE86-08E702FF23B1} = {45EE6833-CD96-3E4D-AE86-08E702FF23B1}
		{3342F168-979A-3200-846B-006E4E70B893} = {3342F168-979A-3200-846B-006E4E70B893}
		{F995CD45-6BF5-3669-8302-C4DE2B0CEDD8} = {F995CD45-6BF5-3669-8302-C4DE2B0CEDD8}
	EndProjectSection
EndProject
Project("{8BC9CEB8-8B4A-11D0-8D11-00A0C91BC942}") = "INSTALL", "INSTALL.vcxproj", "{85AC4E41-123E-3821-8629-0AFB904FAEA7}"
	ProjectSection(ProjectDependencies) = postProject
		{8E96B7B9-5FD3-35FD-910E-88A19B61B02C} = {8E96B7B9-5FD3-35FD-910E-88A19B61B02C}
		{B45FE221-DE88-30B1-A959-4F3DCD645637} = {B45FE221-DE88-30B1-A959-4F3DCD645637}
	EndProjectSection
EndProject
Project("{8BC9CEB8-8B4A-11D0-8D11-00A0C91BC942}") = "IrrXML", "..\vendor\assimp\contrib\irrXML\IrrXML.vcxproj", "{C3A33C6C-3385-3823-9C46-9BEFABB58BF1}"
	ProjectSection(ProjectDependencies) = postProject
		{B45FE221-DE88-30B1-A959-4F3DCD645637} = {B45FE221-DE88-30B1-A959-4F3DCD645637}
	EndProjectSection
EndProject
Project("{8BC9CEB8-8B4A-11D0-8D11-00A0C91BC942}") = "ZERO_CHECK", "..\\ZERO_CHECK.vcxproj", "{B45FE221-DE88-30B1-A959-4F3DCD645637}"
	ProjectSection(ProjectDependencies) = postProject
	EndProjectSection
EndProject
Project("{8BC9CEB8-8B4A-11D0-8D11-00A0C91BC942}") = "assimp", "..\vendor\assimp\code\assimp.vcxproj", "{0A04DBA2-3BA4-39A0-A3D6-5A48F28B3E23}"
	ProjectSection(ProjectDependencies) = postProject
		{C3A33C6C-3385-3823-9C46-9BEFABB58BF1} = {C3A33C6C-3385-3823-9C46-9BEFABB58BF1}
		{B45FE221-DE88-30B1-A959-4F3DCD645637} = {B45FE221-DE88-30B1-A959-4F3DCD645637}
		{F995CD45-6BF5-3669-8302-C4DE2B0CEDD8} = {F995CD45-6BF5-3669-8302-C4DE2B0CEDD8}
	EndProjectSection
EndProject
Project("{8BC9CEB8-8B4A-11D0-8D11-00A0C91BC942}") = "glad", "..\vendor\glad\glad.vcxproj", "{57A463B7-898F-3C7B-9EF4-B91CD5DE0796}"
	ProjectSection(ProjectDependencies) = postProject
		{B45FE221-DE88-30B1-A959-4F3DCD645637} = {B45FE221-DE88-30B1-A959-4F3DCD645637}
	EndProjectSection
EndProject
Project("{8BC9CEB8-8B4A-11D0-8D11-00A0C91BC942}") = "imgui", "..\vendor\imgui\imgui.vcxproj", "{25F7905A-83C3-3ACE-BE10-C25878EB0426}"
	ProjectSection(ProjectDependencies) = postProject
		{B45FE221-DE88-30B1-A959-4F3DCD645637} = {B45FE221-DE88-30B1-A959-4F3DCD645637}
	EndProjectSection
EndProject
Project("{8BC9CEB8-8B4A-11D0-8D11-00A0C91BC942}") = "luac", "..\vendor\luac\luac.vcxproj", "{45EE6833-CD96-3E4D-AE86-08E702FF23B1}"
	ProjectSection(ProjectDependencies) = postProject
		{B45FE221-DE88-30B1-A959-4F3DCD645637} = {B45FE221-DE88-30B1-A959-4F3DCD645637}
	EndProjectSection
EndProject
Project("{8BC9CEB8-8B4A-11D0-8D11-00A0C91BC942}") = "yaml-cpp", "..\vendor\yaml-cpp\yaml-cpp.vcxproj", "{3342F168-979A-3200-846B-006E4E70B893}"
	ProjectSection(ProjectDependencies) = postProject
		{B45FE221-DE88-30B1-A959-4F3DCD645637} = {B45FE221-DE88-30B1-A959-4F3DCD645637}
	EndProjectSection
EndProject
Project("{8BC9CEB8-8B4A-11D0-8D11-00A0C91BC942}") = "zlibstatic", "..\vendor\assimp\contrib\zlib\zlibstatic.vcxproj", "{F995CD45-6BF5-3669-8302-C4DE2B0CEDD8}"
	ProjectSection(ProjectDependencies) = postProject
		{B45FE221-DE88-30B1-A959-4F3DCD645637} = {B45FE221-DE88-30B1-A959-4F3DCD645637}
	EndProjectSection
EndProject
Global
	GlobalSection(SolutionConfigurationPlatforms) = preSolution
		Debug|x64 = Debug|x64
		Release|x64 = Release|x64
		MinSizeRel|x64 = MinSizeRel|x64
		RelWithDebInfo|x64 = RelWithDebInfo|x64
	EndGlobalSection
	GlobalSection(ProjectConfigurationPlatforms) = postSolution
		{8E96B7B9-5FD3-35FD-910E-88A19B61B02C}.Debug|x64.ActiveCfg = Debug|x64
		{8E96B7B9-5FD3-35FD-910E-88A19B61B02C}.Debug|x64.Build.0 = Debug|x64
		{8E96B7B9-5FD3-35FD-910E-88A19B61B02C}.Release|x64.ActiveCfg = Release|x64
		{8E96B7B9-5FD3-35FD-910E-88A19B61B02C}.Release|x64.Build.0 = Release|x64
		{8E96B7B9-5FD3-35FD-910E-88A19B61B02C}.MinSizeRel|x64.ActiveCfg = MinSizeRel|x64
		{8E96B7B9-5FD3-35FD-910E-88A19B61B02C}.MinSizeRel|x64.Build.0 = MinSizeRel|x64
		{8E96B7B9-5FD3-35FD-910E-88A19B61B02C}.RelWithDebInfo|x64.ActiveCfg = RelWithDebInfo|x64
		{8E96B7B9-5FD3-35FD-910E-88A19B61B02C}.RelWithDebInfo|x64.Build.0 = RelWithDebInfo|x64
		{56B272D8-CF13-3D02-A8A8-3DFC201C3ADB}.Debug|x64.ActiveCfg = Debug|x64
		{56B272D8-CF13-3D02-A8A8-3DFC201C3ADB}.Debug|x64.Build.0 = Debug|x64
		{56B272D8-CF13-3D02-A8A8-3DFC201C3ADB}.Release|x64.ActiveCfg = Release|x64
		{56B272D8-CF13-3D02-A8A8-3DFC201C3ADB}.Release|x64.Build.0 = Release|x64
		{56B272D8-CF13-3D02-A8A8-3DFC201C3ADB}.MinSizeRel|x64.ActiveCfg = MinSizeRel|x64
		{56B272D8-CF13-3D02-A8A8-3DFC201C3ADB}.MinSizeRel|x64.Build.0 = MinSizeRel|x64
		{56B272D8-CF13-3D02-A8A8-3DFC201C3ADB}.RelWithDebInfo|x64.ActiveCfg = RelWithDebInfo|x64
		{56B272D8-CF13-3D02-A8A8-3DFC201C3ADB}.RelWithDebInfo|x64.Build.0 = RelWithDebInfo|x64
		{A660F2AB-4D25-33C9-B528-8AB309BB9E03}.Debug|x64.ActiveCfg = Debug|x64
		{A660F2AB-4D25-33C9-B528-8AB309BB9E03}.Debug|x64.Build.0 = Debug|x64
		{A660F2AB-4D25-33C9-B528-8AB309BB9E03}.Release|x64.ActiveCfg = Release|x64
		{A660F2AB-4D25-33C9-B528-8AB309BB9E03}.Release|x64.Build.0 = Release|x64
		{A660F2AB-4D25-33C9-B528-8AB309BB9E03}.MinSizeRel|x64.ActiveCfg = MinSizeRel|x64
		{A660F2AB-4D25-33C9-B528-8AB309BB9E03}.MinSizeRel|x64.Build.0 = MinSizeRel|x64
		{A660F2AB-4D25-33C9-B528-8AB309BB9E03}.RelWithDebInfo|x64.ActiveCfg = RelWithDebInfo|x64
		{A660F2AB-4D25-33C9-B528-8AB309BB9E03}.RelWithDebInfo|x64.Build.0 = RelWithDebInfo|x64
		{85AC4E41-123E-3821-8629-0AFB904FAEA7}.Debug|x64.ActiveCfg = Debug|x64
		{85AC4E41-123E-3821-8629-0AFB904FAEA7}.Release|x64.ActiveCfg = Release|x64
		{85AC4E41-123E-3821-8629-0AFB904FAEA7}.MinSizeRel|x64.ActiveCfg = MinSizeRel|x64
		{85AC4E41-123E-3821-8629-0AFB904FAEA7}.RelWithDebInfo|x64.ActiveCfg = RelWithDebInfo|x64
		{C3A33C6C-3385-3823-9C46-9BEFABB58BF1}.Debug|x64.ActiveCfg = Debug|x64
		{C3A33C6C-3385-3823-9C46-9BEFABB58BF1}.Debug|x64.Build.0 = Debug|x64
		{C3A33C6C-3385-3823-9C46-9BEFABB58BF1}.Release|x64.ActiveCfg = Release|x64
		{C3A33C6C-3385-3823-9C46-9BEFABB58BF1}.Release|x64.Build.0 = Release|x64
		{C3A33C6C-3385-3823-9C46-9BEFABB58BF1}.MinSizeRel|x64.ActiveCfg = MinSizeRel|x64
		{C3A33C6C-3385-3823-9C46-9BEFABB58BF1}.MinSizeRel|x64.Build.0 = MinSizeRel|x64
		{C3A33C6C-3385-3823-9C46-9BEFABB58BF1}.RelWithDebInfo|x64.ActiveCfg = RelWithDebInfo|x64
		{C3A33C6C-3385-3823-9C46-9BEFABB58BF1}.RelWithDebInfo|x64.Build.0 = RelWithDebInfo|x64
		{B45FE221-DE88-30B1-A959-4F3DCD645637}.Debug|x64.ActiveCfg = Debug|x64
		{B45FE221-DE88-30B1-A959-4F3DCD645637}.Debug|x64.Build.0 = Debug|x64
		{B45FE221-DE88-30B1-A959-4F3DCD645637}.Release|x64.ActiveCfg = Release|x64
		{B45FE221-DE88-30B1-A959-4F3DCD645637}.Release|x64.Build.0 = Release|x64
		{B45FE221-DE88-30B1-A959-4F3DCD645637}.MinSizeRel|x64.ActiveCfg = MinSizeRel|x64
		{B45FE221-DE88-30B1-A959-4F3DCD645637}.MinSizeRel|x64.Build.0 = MinSizeRel|x64
		{B45FE221-DE88-30B1-A959-4F3DCD645637}.RelWithDebInfo|x64.ActiveCfg = RelWithDebInfo|x64
		{B45FE221-DE88-30B1-A959-4F3DCD645637}.RelWithDebInfo|x64.Build.0 = RelWithDebInfo|x64
		{0A04DBA2-3BA4-39A0-A3D6-5A48F28B3E23}.Debug|x64.ActiveCfg = Debug|x64
		{0A04DBA2-3BA4-39A0-A3D6-5A48F28B3E23}.Debug|x64.Build.0 = Debug|x64
		{0A04DBA2-3BA4-39A0-A3D6-5A48F28B3E23}.Release|x64.ActiveCfg = Release|x64
		{0A04DBA2-3BA4-39A0-A3D6-5A48F28B3E23}.Release|x64.Build.0 = Release|x64
		{0A04DBA2-3BA4-39A0-A3D6-5A48F28B3E23}.MinSizeRel|x64.ActiveCfg = MinSizeRel|x64
		{0A04DBA2-3BA4-39A0-A3D6-5A48F28B3E23}.MinSizeRel|x64.Build.0 = MinSizeRel|x64
		{0A04DBA2-3BA4-39A0-A3D6-5A48F28B3E23}.RelWithDebInfo|x64.ActiveCfg = RelWithDebInfo|x64
		{0A04DBA2-3BA4-39A0-A3D6-5A48F28B3E23}.RelWithDebInfo|x64.Build.0 = RelWithDebInfo|x64
		{57A463B7-898F-3C7B-9EF4-B91CD5DE0796}.Debug|x64.ActiveCfg = Debug|x64
		{57A463B7-898F-3C7B-9EF4-B91CD5DE0796}.Debug|x64.Build.0 = Debug|x64
		{57A463B7-898F-3C7B-9EF4-B91CD5DE0796}.Release|x64.ActiveCfg = Release|x64
		{57A463B7-898F-3C7B-9EF4-B91CD5DE0796}.Release|x64.Build.0 = Release|x64
		{57A463B7-898F-3C7B-9EF4-B91CD5DE0796}.MinSizeRel|x64.ActiveCfg = MinSizeRel|x64
		{57A463B7-898F-3C7B-9EF4-B91CD5DE0796}.MinSizeRel|x64.Build.0 = MinSizeRel|x64
		{57A463B7-898F-3C7B-9EF4-B91CD5DE0796}.RelWithDebInfo|x64.ActiveCfg = RelWithDebInfo|x64
		{57A463B7-898F-3C7B-9EF4-B91CD5DE0796}.RelWithDebInfo|x64.Build.0 = RelWithDebInfo|x64
		{25F7905A-83C3-3ACE-BE10-C25878EB0426}.Debug|x64.ActiveCfg = Debug|x64
		{25F7905A-83C3-3ACE-BE10-C25878EB0426}.Debug|x64.Build.0 = Debug|x64
		{25F7905A-83C3-3ACE-BE10-C25878EB0426}.Release|x64.ActiveCfg = Release|x64
		{25F7905A-83C3-3ACE-BE10-C25878EB0426}.Release|x64.Build.0 = Release|x64
		{25F7905A-83C3-3ACE-BE10-C25878EB0426}.MinSizeRel|x64.ActiveCfg = MinSizeRel|x64
		{25F7905A-83C3-3ACE-BE10-C25878EB0426}.MinSizeRel|x64.Build.0 = MinSizeRel|x64
		{25F7905A-83C3-3ACE-BE10-C25878EB0426}.RelWithDebInfo|x64.ActiveCfg = RelWithDebInfo|x64
		{25F7905A-83C3-3ACE-BE10-C25878EB0426}.RelWithDebInfo|x64.Build.0 = RelWithDebInfo|x64
		{45EE6833-CD96-3E4D-AE86-08E702FF23B1}.Debug|x64.ActiveCfg = Debug|x64
		{45EE6833-CD96-3E4D-AE86-08E702FF23B1}.Debug|x64.Build.0 = Debug|x64
		{45EE6833-CD96-3E4D-AE86-08E702FF23B1}.Release|x64.ActiveCfg = Release|x64
		{45EE6833-CD96-3E4D-AE86-08E702FF23B1}.Release|x64.Build.0 = Release|x64
		{45EE6833-CD96-3E4D-AE86-08E702FF23B1}.MinSizeRel|x64.ActiveCfg = MinSizeRel|x64
		{45EE6833-CD96-3E4D-AE86-08E702FF23B1}.MinSizeRel|x64.Build.0 = MinSizeRel|x64
		{45EE6833-CD96-3E4D-AE86-08E702FF23B1}.RelWithDebInfo|x64.ActiveCfg = RelWithDebInfo|x64
		{45EE6833-CD96-3E4D-AE86-08E702FF23B1}.RelWithDebInfo|x64.Build.0 = RelWithDebInfo|x64
		{3342F168-979A-3200-846B-006E4E70B893}.Debug|x64.ActiveCfg = Debug|x64
		{3342F168-979A-3200-846B-006E4E70B893}.Debug|x64.Build.0 = Debug|x64
		{3342F168-979A-3200-846B-006E4E70B893}.Release|x64.ActiveCfg = Release|x64
		{3342F168-979A-3200-846B-006E4E70B893}.Release|x64.Build.0 = Release|x64
		{3342F168-979A-3200-846B-006E4E70B893}.MinSizeRel|x64.ActiveCfg = MinSizeRel|x64
		{3342F168-979A-3200-846B-006E4E70B893}.MinSizeRel|x64.Build.0 = MinSizeRel|x64
		{3342F168-979A-3200-846B-006E4E70B893}.RelWithDebInfo|x64.ActiveCfg = RelWithDebInfo|x64
		{3342F168-979A-3200-846B-006E4E70B893}.RelWithDebInfo|x64.Build.0 = RelWithDebInfo|x64
		{F995CD45-6BF5-3669-8302-C4DE2B0CEDD8}.Debug|x64.ActiveCfg = Debug|x64
		{F995CD45-6BF5-3669-8302-C4DE2B0CEDD8}.Debug|x64.Build.0 = Debug|x64
		{F995CD45-6BF5-3669-8302-C4DE2B0CEDD8}.Release|x64.ActiveCfg = Release|x64
		{F995CD45-6BF5-3669-8302-C4DE2B0CEDD8}.Release|x64.Build.0 = Release|x64
		{F995CD45-6BF5-3669-8302-C4DE2B0CEDD8}.MinSizeRel|x64.ActiveCfg = MinSizeRel|x64
		{F995CD45-6BF5-3669-8302-C4DE2B0CEDD8}.MinSizeRel|x64.Build.0 = MinSizeRel|x64
		{F995CD45-6BF5-3669-8302-C4DE2B0CEDD8}.RelWithDebInfo|x64.ActiveCfg = RelWithDebInfo|x64
		{F995CD45-6BF5-3669-8302-C4DE2B0CEDD8}.RelWithDebInfo|x64.Build.0 = RelWithDebInfo|x64
	EndGlobalSection
	GlobalSection(NestedProjects) = preSolution
		{8E96B7B9-5FD3-35FD-910E-88A19B61B02C} = {E30075AF-6ABD-37F4-998C-6C80C9098785}
		{85AC4E41-123E-3821-8629-0AFB904FAEA7} = {E30075AF-6ABD-37F4-998C-6C80C9098785}
		{B45FE221-DE88-30B1-A959-4F3DCD645637} = {E30075AF-6ABD-37F4-998C-6C80C9098785}
		{C3A33C6C-3385-3823-9C46-9BEFABB58BF1} = {B927F3A8-61A0-3FAD-B40E-1563909ED230}
		{0A04DBA2-3BA4-39A0-A3D6-5A48F28B3E23} = {B927F3A8-61A0-3FAD-B40E-1563909ED230}
		{57A463B7-898F-3C7B-9EF4-B91CD5DE0796} = {B927F3A8-61A0-3FAD-B40E-1563909ED230}
		{25F7905A-83C3-3ACE-BE10-C25878EB0426} = {B927F3A8-61A0-3FAD-B40E-1563909ED230}
		{45EE6833-CD96-3E4D-AE86-08E702FF23B1} = {B927F3A8-61A0-3FAD-B40E-1563909ED230}
		{3342F168-979A-3200-846B-006E4E70B893} = {B927F3A8-61A0-3FAD-B40E-1563909ED230}
		{F995CD45-6BF5-3669-8302-C4DE2B0CEDD8} = {B927F3A8-61A0-3FAD-B40E-1563909ED230}
	EndGlobalSection
	GlobalSection(ExtensibilityGlobals) = postSolution
		SolutionGuid = {8D14DDCC-4B7F-304D-8FC4-24993387731F}
	EndGlobalSection
	GlobalSection(ExtensibilityAddIns) = postSolution
	EndGlobalSection
EndGlobal
