<?xml version="1.0" encoding="utf-8"?>
<Project ToolsVersion="16.0" xmlns="http://schemas.microsoft.com/developer/msbuild/2003">
  <ItemGroup>
    <ClCompile Include="F:\Developer Crib\GameEngineWorkspace\Cuboid\Cuboid-Editor\CMakeFiles\Cuboid-Editor.dir\cmake_pch.cxx">
      <Filter>Source Files</Filter>
    </ClCompile>
    <ClCompile Include="F:\Developer Crib\GameEngineWorkspace\Cuboid\Cuboid-Editor\src\CuboidEditorApp.cpp">
      <Filter>src\src</Filter>
    </ClCompile>
    <ClCompile Include="F:\Developer Crib\GameEngineWorkspace\Cuboid\Cuboid-Editor\src\Panels\SceneHieracyPanel.cpp">
      <Filter>src\src\Panels</Filter>
    </ClCompile>
    <ClCompile Include="F:\Developer Crib\GameEngineWorkspace\Cuboid\Cuboid-Editor\src\CuboidEditor.cpp">
      <Filter>src\src</Filter>
    </ClCompile>
  </ItemGroup>
  <ItemGroup>
    <ClInclude Include="F:\Developer Crib\GameEngineWorkspace\Cuboid\Cuboid-Editor\src\Panels\SceneHieracyPanel.h">
      <Filter>src\src\Panels</Filter>
    </ClInclude>
    <ClInclude Include="F:\Developer Crib\GameEngineWorkspace\Cuboid\Cuboid-Editor\src\CuboidEditor.h">
      <Filter>src\src</Filter>
    </ClInclude>
    <ClInclude Include="F:\Developer Crib\GameEngineWorkspace\Cuboid\Cuboid-Editor\CMakeFiles\Cuboid-Editor.dir\cmake_pch.hxx">
      <Filter>Precompile Header File</Filter>
    </ClInclude>
  </ItemGroup>
  <ItemGroup>
    <CustomBuild Include="F:\Developer Crib\GameEngineWorkspace\Cuboid\Cuboid-Editor\CMakelists.txt" />
  </ItemGroup>
  <ItemGroup>
    <Filter Include="Precompile Header File">
      <UniqueIdentifier>{BE627E74-04A3-3287-91D5-992E56726B50}</UniqueIdentifier>
    </Filter>
    <Filter Include="Source Files">
      <UniqueIdentifier>{08F4B342-2FB2-3428-9F47-017DE56C0694}</UniqueIdentifier>
    </Filter>
    <Filter Include="src">
      <UniqueIdentifier>{2706B6AB-7F22-3CF2-AB4F-B50FC55DE4B1}</UniqueIdentifier>
    </Filter>
    <Filter Include="src\src">
      <UniqueIdentifier>{29DA3D33-CC6A-3462-959A-FF243AB5F5CB}</UniqueIdentifier>
    </Filter>
    <Filter Include="src\src\Panels">
      <UniqueIdentifier>{E0E23147-3BC6-358E-AC8E-DCF9408E9FF6}</UniqueIdentifier>
    </Filter>
  </ItemGroup>
</Project>
